
Microsoft Visual Studio Solution File, Format Version 12.00
# Visual Studio 15
VisualStudioVersion = 15.0.28307.1000
MinimumVisualStudioVersion = 10.0.40219.1
Project("{FAE04EC0-301F-11D3-BF4B-00C04F79EFBC}") = "MARS_LauncherGUI", "MARS_LauncherGUI\MARS_LauncherGUI.csproj", "{FF4F35EF-DD8E-4C0E-A4C1-404092554135}"
EndProject
Project("{FAE04EC0-301F-11D3-BF4B-00C04F79EFBC}") = "MARS_LauncherLib", "MARS_LauncherLib\MARS_LauncherLib.csproj", "{C3F62E74-D38F-412A-935E-3D5A889EFC4F}"
EndProject
Global
	GlobalSection(SolutionConfigurationPlatforms) = preSolution
		Debug|Any CPU = Debug|Any CPU
		Debug|x86 = Debug|x86
		Release|Any CPU = Release|Any CPU
		Release|x86 = Release|x86
	EndGlobalSection
	GlobalSection(ProjectConfigurationPlatforms) = postSolution
		{FF4F35EF-DD8E-4C0E-A4C1-404092554135}.Debug|Any CPU.ActiveCfg = Debug|Any CPU
		{FF4F35EF-DD8E-4C0E-A4C1-404092554135}.Debug|Any CPU.Build.0 = Debug|Any CPU
		{FF4F35EF-DD8E-4C0E-A4C1-404092554135}.Debug|x86.ActiveCfg = Debug|Any CPU
		{FF4F35EF-DD8E-4C0E-A4C1-404092554135}.Debug|x86.Build.0 = Debug|Any CPU
		{FF4F35EF-DD8E-4C0E-A4C1-404092554135}.Release|Any CPU.ActiveCfg = Release|Any CPU
		{FF4F35EF-DD8E-4C0E-A4C1-404092554135}.Release|Any CPU.Build.0 = Release|Any CPU
		{FF4F35EF-DD8E-4C0E-A4C1-404092554135}.Release|x86.ActiveCfg = Release|Any CPU
		{FF4F35EF-DD8E-4C0E-A4C1-404092554135}.Release|x86.Build.0 = Release|Any CPU
		{C3F62E74-D38F-412A-935E-3D5A889EFC4F}.Debug|Any CPU.ActiveCfg = Debug|Any CPU
		{C3F62E74-D38F-412A-935E-3D5A889EFC4F}.Debug|Any CPU.Build.0 = Debug|Any CPU
		{C3F62E74-D38F-412A-935E-3D5A889EFC4F}.Debug|x86.ActiveCfg = Debug|Any CPU
		{C3F62E74-D38F-412A-935E-3D5A889EFC4F}.Debug|x86.Build.0 = Debug|Any CPU
		{C3F62E74-D38F-412A-935E-3D5A889EFC4F}.Release|Any CPU.ActiveCfg = Release|Any CPU
		{C3F62E74-D38F-412A-935E-3D5A889EFC4F}.Release|Any CPU.Build.0 = Release|Any CPU
		{C3F62E74-D38F-412A-935E-3D5A889EFC4F}.Release|x86.ActiveCfg = Release|Any CPU
		{C3F62E74-D38F-412A-935E-3D5A889EFC4F}.Release|x86.Build.0 = Release|Any CPU
	EndGlobalSection
	GlobalSection(SolutionProperties) = preSolution
		HideSolutionNode = FALSE
	EndGlobalSection
	GlobalSection(ExtensibilityGlobals) = postSolution
		SolutionGuid = {5C0CBCD7-6F95-4C1E-88D1-23C9E691E670}
	EndGlobalSection
EndGlobal
